// !$*UTF8*$!
{
	archiveVersion = 1;
	classes = {
	};
	objectVersion = 50;
	objects = {

/* Begin PBXBuildFile section */
		5B2165D821BB902F00F6F4B6 /* AppDelegate.swift in Sources */ = {isa = PBXBuildFile; fileRef = 5B2165D721BB902F00F6F4B6 /* AppDelegate.swift */; };
		5B2165DD21BB902F00F6F4B6 /* Main.storyboard in Resources */ = {isa = PBXBuildFile; fileRef = 5B2165DB21BB902F00F6F4B6 /* Main.storyboard */; };
		5B2165DF21BB903400F6F4B6 /* Assets.xcassets in Resources */ = {isa = PBXBuildFile; fileRef = 5B2165DE21BB903400F6F4B6 /* Assets.xcassets */; };
		5B2165E221BB903400F6F4B6 /* LaunchScreen.storyboard in Resources */ = {isa = PBXBuildFile; fileRef = 5B2165E021BB903400F6F4B6 /* LaunchScreen.storyboard */; };
		5B2165ED21BB903400F6F4B6 /* ORS_CSC481Tests.swift in Sources */ = {isa = PBXBuildFile; fileRef = 5B2165EC21BB903400F6F4B6 /* ORS_CSC481Tests.swift */; };
		5B2165F821BB903400F6F4B6 /* ORS_CSC481UITests.swift in Sources */ = {isa = PBXBuildFile; fileRef = 5B2165F721BB903400F6F4B6 /* ORS_CSC481UITests.swift */; };
		5B21660721BB935600F6F4B6 /* ParseAPIManager.swift in Sources */ = {isa = PBXBuildFile; fileRef = 5B21660621BB935600F6F4B6 /* ParseAPIManager.swift */; };
		5B21660F21BB9B1B00F6F4B6 /* AppOrHRChoiceViewController.swift in Sources */ = {isa = PBXBuildFile; fileRef = 5B21660E21BB9B1B00F6F4B6 /* AppOrHRChoiceViewController.swift */; };
		5B21661521BB9BAE00F6F4B6 /* NewApplicantSignUpViewController.swift in Sources */ = {isa = PBXBuildFile; fileRef = 5B21661421BB9BAE00F6F4B6 /* NewApplicantSignUpViewController.swift */; };
		5B21661721BB9FF900F6F4B6 /* LogInViewController.swift in Sources */ = {isa = PBXBuildFile; fileRef = 5B21661621BB9FF900F6F4B6 /* LogInViewController.swift */; };
		5B21661F21BBB9B000F6F4B6 /* User.swift in Sources */ = {isa = PBXBuildFile; fileRef = 5B21661E21BBB9B000F6F4B6 /* User.swift */; };
		5B21662321BC43E500F6F4B6 /* ApplicantHubViewController.swift in Sources */ = {isa = PBXBuildFile; fileRef = 5B21662221BC43E500F6F4B6 /* ApplicantHubViewController.swift */; };
		5B21662521BC43F200F6F4B6 /* HRRepHubViewController.swift in Sources */ = {isa = PBXBuildFile; fileRef = 5B21662421BC43F200F6F4B6 /* HRRepHubViewController.swift */; };
		939B221D8B2473EE8526FEB0 /* Pods_ORS_CSC481.framework in Frameworks */ = {isa = PBXBuildFile; fileRef = AACFB78B9F066A61023576D8 /* Pods_ORS_CSC481.framework */; };
		A43F7BD0198867ADF4F0E525 /* Pods_ORS_CSC481Tests.framework in Frameworks */ = {isa = PBXBuildFile; fileRef = 3E3C82FCF0E7AA13A4B1E645 /* Pods_ORS_CSC481Tests.framework */; };
		EDDEA28B17EA76BFA856271B /* Pods_ORS_CSC481UITests.framework in Frameworks */ = {isa = PBXBuildFile; fileRef = 0B9AB97A4C17CFEEABD81231 /* Pods_ORS_CSC481UITests.framework */; };
/* End PBXBuildFile section */

/* Begin PBXContainerItemProxy section */
		5B2165E921BB903400F6F4B6 /* PBXContainerItemProxy */ = {
			isa = PBXContainerItemProxy;
			containerPortal = 5B2165CC21BB902F00F6F4B6 /* Project object */;
			proxyType = 1;
			remoteGlobalIDString = 5B2165D321BB902F00F6F4B6;
			remoteInfo = "ORS-CSC481";
		};
		5B2165F421BB903400F6F4B6 /* PBXContainerItemProxy */ = {
			isa = PBXContainerItemProxy;
			containerPortal = 5B2165CC21BB902F00F6F4B6 /* Project object */;
			proxyType = 1;
			remoteGlobalIDString = 5B2165D321BB902F00F6F4B6;
			remoteInfo = "ORS-CSC481";
		};
/* End PBXContainerItemProxy section */

/* Begin PBXFileReference section */
		0B9AB97A4C17CFEEABD81231 /* Pods_ORS_CSC481UITests.framework */ = {isa = PBXFileReference; explicitFileType = wrapper.framework; includeInIndex = 0; path = Pods_ORS_CSC481UITests.framework; sourceTree = BUILT_PRODUCTS_DIR; };
		10F408C5FA156EAAED9E597A /* Pods-ORS-CSC481UITests.release.xcconfig */ = {isa = PBXFileReference; includeInIndex = 1; lastKnownFileType = text.xcconfig; name = "Pods-ORS-CSC481UITests.release.xcconfig"; path = "Pods/Target Support Files/Pods-ORS-CSC481UITests/Pods-ORS-CSC481UITests.release.xcconfig"; sourceTree = "<group>"; };
		1C541E085496DEE33E89F0F1 /* Pods-ORS-CSC481UITests.debug.xcconfig */ = {isa = PBXFileReference; includeInIndex = 1; lastKnownFileType = text.xcconfig; name = "Pods-ORS-CSC481UITests.debug.xcconfig"; path = "Pods/Target Support Files/Pods-ORS-CSC481UITests/Pods-ORS-CSC481UITests.debug.xcconfig"; sourceTree = "<group>"; };
		318E2CC5E1D0453ACC34E85A /* Pods-ORS-CSC481Tests.release.xcconfig */ = {isa = PBXFileReference; includeInIndex = 1; lastKnownFileType = text.xcconfig; name = "Pods-ORS-CSC481Tests.release.xcconfig"; path = "Pods/Target Support Files/Pods-ORS-CSC481Tests/Pods-ORS-CSC481Tests.release.xcconfig"; sourceTree = "<group>"; };
		3E3C82FCF0E7AA13A4B1E645 /* Pods_ORS_CSC481Tests.framework */ = {isa = PBXFileReference; explicitFileType = wrapper.framework; includeInIndex = 0; path = Pods_ORS_CSC481Tests.framework; sourceTree = BUILT_PRODUCTS_DIR; };
		49389E259C7851F51BE06B76 /* Pods-ORS-CSC481Tests.debug.xcconfig */ = {isa = PBXFileReference; includeInIndex = 1; lastKnownFileType = text.xcconfig; name = "Pods-ORS-CSC481Tests.debug.xcconfig"; path = "Pods/Target Support Files/Pods-ORS-CSC481Tests/Pods-ORS-CSC481Tests.debug.xcconfig"; sourceTree = "<group>"; };
		5B2165D421BB902F00F6F4B6 /* ORS-CSC481.app */ = {isa = PBXFileReference; explicitFileType = wrapper.application; includeInIndex = 0; path = "ORS-CSC481.app"; sourceTree = BUILT_PRODUCTS_DIR; };
		5B2165D721BB902F00F6F4B6 /* AppDelegate.swift */ = {isa = PBXFileReference; lastKnownFileType = sourcecode.swift; path = AppDelegate.swift; sourceTree = "<group>"; };
		5B2165DC21BB902F00F6F4B6 /* Base */ = {isa = PBXFileReference; lastKnownFileType = file.storyboard; name = Base; path = Base.lproj/Main.storyboard; sourceTree = "<group>"; };
		5B2165DE21BB903400F6F4B6 /* Assets.xcassets */ = {isa = PBXFileReference; lastKnownFileType = folder.assetcatalog; path = Assets.xcassets; sourceTree = "<group>"; };
		5B2165E121BB903400F6F4B6 /* Base */ = {isa = PBXFileReference; lastKnownFileType = file.storyboard; name = Base; path = Base.lproj/LaunchScreen.storyboard; sourceTree = "<group>"; };
		5B2165E321BB903400F6F4B6 /* Info.plist */ = {isa = PBXFileReference; lastKnownFileType = text.plist.xml; path = Info.plist; sourceTree = "<group>"; };
		5B2165E821BB903400F6F4B6 /* ORS-CSC481Tests.xctest */ = {isa = PBXFileReference; explicitFileType = wrapper.cfbundle; includeInIndex = 0; path = "ORS-CSC481Tests.xctest"; sourceTree = BUILT_PRODUCTS_DIR; };
		5B2165EC21BB903400F6F4B6 /* ORS_CSC481Tests.swift */ = {isa = PBXFileReference; lastKnownFileType = sourcecode.swift; path = ORS_CSC481Tests.swift; sourceTree = "<group>"; };
		5B2165EE21BB903400F6F4B6 /* Info.plist */ = {isa = PBXFileReference; lastKnownFileType = text.plist.xml; path = Info.plist; sourceTree = "<group>"; };
		5B2165F321BB903400F6F4B6 /* ORS-CSC481UITests.xctest */ = {isa = PBXFileReference; explicitFileType = wrapper.cfbundle; includeInIndex = 0; path = "ORS-CSC481UITests.xctest"; sourceTree = BUILT_PRODUCTS_DIR; };
		5B2165F721BB903400F6F4B6 /* ORS_CSC481UITests.swift */ = {isa = PBXFileReference; lastKnownFileType = sourcecode.swift; path = ORS_CSC481UITests.swift; sourceTree = "<group>"; };
		5B2165F921BB903400F6F4B6 /* Info.plist */ = {isa = PBXFileReference; lastKnownFileType = text.plist.xml; path = Info.plist; sourceTree = "<group>"; };
		5B21660621BB935600F6F4B6 /* ParseAPIManager.swift */ = {isa = PBXFileReference; lastKnownFileType = sourcecode.swift; path = ParseAPIManager.swift; sourceTree = "<group>"; };
		5B21660E21BB9B1B00F6F4B6 /* AppOrHRChoiceViewController.swift */ = {isa = PBXFileReference; lastKnownFileType = sourcecode.swift; path = AppOrHRChoiceViewController.swift; sourceTree = "<group>"; };
		5B21661421BB9BAE00F6F4B6 /* NewApplicantSignUpViewController.swift */ = {isa = PBXFileReference; lastKnownFileType = sourcecode.swift; path = NewApplicantSignUpViewController.swift; sourceTree = "<group>"; };
		5B21661621BB9FF900F6F4B6 /* LogInViewController.swift */ = {isa = PBXFileReference; lastKnownFileType = sourcecode.swift; path = LogInViewController.swift; sourceTree = "<group>"; };
		5B21661E21BBB9B000F6F4B6 /* User.swift */ = {isa = PBXFileReference; lastKnownFileType = sourcecode.swift; path = User.swift; sourceTree = "<group>"; };
		5B21662221BC43E500F6F4B6 /* ApplicantHubViewController.swift */ = {isa = PBXFileReference; lastKnownFileType = sourcecode.swift; path = ApplicantHubViewController.swift; sourceTree = "<group>"; };
		5B21662421BC43F200F6F4B6 /* HRRepHubViewController.swift */ = {isa = PBXFileReference; lastKnownFileType = sourcecode.swift; path = HRRepHubViewController.swift; sourceTree = "<group>"; };
		8B99C736012CCD5713DB205D /* Pods-ORS-CSC481.release.xcconfig */ = {isa = PBXFileReference; includeInIndex = 1; lastKnownFileType = text.xcconfig; name = "Pods-ORS-CSC481.release.xcconfig"; path = "Pods/Target Support Files/Pods-ORS-CSC481/Pods-ORS-CSC481.release.xcconfig"; sourceTree = "<group>"; };
		AACFB78B9F066A61023576D8 /* Pods_ORS_CSC481.framework */ = {isa = PBXFileReference; explicitFileType = wrapper.framework; includeInIndex = 0; path = Pods_ORS_CSC481.framework; sourceTree = BUILT_PRODUCTS_DIR; };
		EB3B5D672D2E648979744000 /* Pods-ORS-CSC481.debug.xcconfig */ = {isa = PBXFileReference; includeInIndex = 1; lastKnownFileType = text.xcconfig; name = "Pods-ORS-CSC481.debug.xcconfig"; path = "Pods/Target Support Files/Pods-ORS-CSC481/Pods-ORS-CSC481.debug.xcconfig"; sourceTree = "<group>"; };
/* End PBXFileReference section */

/* Begin PBXFrameworksBuildPhase section */
		5B2165D121BB902F00F6F4B6 /* Frameworks */ = {
			isa = PBXFrameworksBuildPhase;
			buildActionMask = 2147483647;
			files = (
				939B221D8B2473EE8526FEB0 /* Pods_ORS_CSC481.framework in Frameworks */,
			);
			runOnlyForDeploymentPostprocessing = 0;
		};
		5B2165E521BB903400F6F4B6 /* Frameworks */ = {
			isa = PBXFrameworksBuildPhase;
			buildActionMask = 2147483647;
			files = (
				A43F7BD0198867ADF4F0E525 /* Pods_ORS_CSC481Tests.framework in Frameworks */,
			);
			runOnlyForDeploymentPostprocessing = 0;
		};
		5B2165F021BB903400F6F4B6 /* Frameworks */ = {
			isa = PBXFrameworksBuildPhase;
			buildActionMask = 2147483647;
			files = (
				EDDEA28B17EA76BFA856271B /* Pods_ORS_CSC481UITests.framework in Frameworks */,
			);
			runOnlyForDeploymentPostprocessing = 0;
		};
/* End PBXFrameworksBuildPhase section */

/* Begin PBXGroup section */
		0A3AA42FE887E6AD174D63F4 /* Pods */ = {
			isa = PBXGroup;
			children = (
				EB3B5D672D2E648979744000 /* Pods-ORS-CSC481.debug.xcconfig */,
				8B99C736012CCD5713DB205D /* Pods-ORS-CSC481.release.xcconfig */,
				49389E259C7851F51BE06B76 /* Pods-ORS-CSC481Tests.debug.xcconfig */,
				318E2CC5E1D0453ACC34E85A /* Pods-ORS-CSC481Tests.release.xcconfig */,
				1C541E085496DEE33E89F0F1 /* Pods-ORS-CSC481UITests.debug.xcconfig */,
				10F408C5FA156EAAED9E597A /* Pods-ORS-CSC481UITests.release.xcconfig */,
			);
			name = Pods;
			sourceTree = "<group>";
		};
		5B2165CB21BB902F00F6F4B6 = {
			isa = PBXGroup;
			children = (
				5B2165D621BB902F00F6F4B6 /* ORS-CSC481 */,
				5B2165EB21BB903400F6F4B6 /* ORS-CSC481Tests */,
				5B2165F621BB903400F6F4B6 /* ORS-CSC481UITests */,
				5B2165D521BB902F00F6F4B6 /* Products */,
				0A3AA42FE887E6AD174D63F4 /* Pods */,
				5B7BE3AAEF4A8F624250DBBA /* Frameworks */,
			);
			sourceTree = "<group>";
		};
		5B2165D521BB902F00F6F4B6 /* Products */ = {
			isa = PBXGroup;
			children = (
				5B2165D421BB902F00F6F4B6 /* ORS-CSC481.app */,
				5B2165E821BB903400F6F4B6 /* ORS-CSC481Tests.xctest */,
				5B2165F321BB903400F6F4B6 /* ORS-CSC481UITests.xctest */,
			);
			name = Products;
			sourceTree = "<group>";
		};
		5B2165D621BB902F00F6F4B6 /* ORS-CSC481 */ = {
			isa = PBXGroup;
			children = (
				5B21660D21BB956400F6F4B6 /* ViewControllers */,
				5B21660821BB940B00F6F4B6 /* Models */,
				5B21660521BB933E00F6F4B6 /* Parse */,
				5B2165D721BB902F00F6F4B6 /* AppDelegate.swift */,
				5B2165DB21BB902F00F6F4B6 /* Main.storyboard */,
				5B2165DE21BB903400F6F4B6 /* Assets.xcassets */,
				5B2165E021BB903400F6F4B6 /* LaunchScreen.storyboard */,
				5B2165E321BB903400F6F4B6 /* Info.plist */,
			);
			path = "ORS-CSC481";
			sourceTree = "<group>";
		};
		5B2165EB21BB903400F6F4B6 /* ORS-CSC481Tests */ = {
			isa = PBXGroup;
			children = (
				5B2165EC21BB903400F6F4B6 /* ORS_CSC481Tests.swift */,
				5B2165EE21BB903400F6F4B6 /* Info.plist */,
			);
			path = "ORS-CSC481Tests";
			sourceTree = "<group>";
		};
		5B2165F621BB903400F6F4B6 /* ORS-CSC481UITests */ = {
			isa = PBXGroup;
			children = (
				5B2165F721BB903400F6F4B6 /* ORS_CSC481UITests.swift */,
				5B2165F921BB903400F6F4B6 /* Info.plist */,
			);
			path = "ORS-CSC481UITests";
			sourceTree = "<group>";
		};
		5B21660521BB933E00F6F4B6 /* Parse */ = {
			isa = PBXGroup;
			children = (
				5B21660621BB935600F6F4B6 /* ParseAPIManager.swift */,
			);
			path = Parse;
			sourceTree = "<group>";
		};
		5B21660821BB940B00F6F4B6 /* Models */ = {
			isa = PBXGroup;
			children = (
				5B21661E21BBB9B000F6F4B6 /* User.swift */,
			);
			path = Models;
			sourceTree = "<group>";
		};
		5B21660D21BB956400F6F4B6 /* ViewControllers */ = {
			isa = PBXGroup;
			children = (
				5B21660E21BB9B1B00F6F4B6 /* AppOrHRChoiceViewController.swift */,
				5B21661421BB9BAE00F6F4B6 /* NewApplicantSignUpViewController.swift */,
				5B21661621BB9FF900F6F4B6 /* LogInViewController.swift */,
				5B21662221BC43E500F6F4B6 /* ApplicantHubViewController.swift */,
				5B21662421BC43F200F6F4B6 /* HRRepHubViewController.swift */,
			);
			path = ViewControllers;
			sourceTree = "<group>";
		};
		5B7BE3AAEF4A8F624250DBBA /* Frameworks */ = {
			isa = PBXGroup;
			children = (
				AACFB78B9F066A61023576D8 /* Pods_ORS_CSC481.framework */,
				3E3C82FCF0E7AA13A4B1E645 /* Pods_ORS_CSC481Tests.framework */,
				0B9AB97A4C17CFEEABD81231 /* Pods_ORS_CSC481UITests.framework */,
			);
			name = Frameworks;
			sourceTree = "<group>";
		};
/* End PBXGroup section */

/* Begin PBXNativeTarget section */
		5B2165D321BB902F00F6F4B6 /* ORS-CSC481 */ = {
			isa = PBXNativeTarget;
			buildConfigurationList = 5B2165FC21BB903400F6F4B6 /* Build configuration list for PBXNativeTarget "ORS-CSC481" */;
			buildPhases = (
				BCF32D1608CE8338BB87CEC3 /* [CP] Check Pods Manifest.lock */,
				5B2165D021BB902F00F6F4B6 /* Sources */,
				5B2165D121BB902F00F6F4B6 /* Frameworks */,
				5B2165D221BB902F00F6F4B6 /* Resources */,
				5CF954E38069067E859A2BF7 /* [CP] Embed Pods Frameworks */,
			);
			buildRules = (
			);
			dependencies = (
			);
			name = "ORS-CSC481";
			productName = "ORS-CSC481";
			productReference = 5B2165D421BB902F00F6F4B6 /* ORS-CSC481.app */;
			productType = "com.apple.product-type.application";
		};
		5B2165E721BB903400F6F4B6 /* ORS-CSC481Tests */ = {
			isa = PBXNativeTarget;
			buildConfigurationList = 5B2165FF21BB903400F6F4B6 /* Build configuration list for PBXNativeTarget "ORS-CSC481Tests" */;
			buildPhases = (
				7D548B7C26A3D85504094960 /* [CP] Check Pods Manifest.lock */,
				5B2165E421BB903400F6F4B6 /* Sources */,
				5B2165E521BB903400F6F4B6 /* Frameworks */,
				5B2165E621BB903400F6F4B6 /* Resources */,
			);
			buildRules = (
			);
			dependencies = (
				5B2165EA21BB903400F6F4B6 /* PBXTargetDependency */,
			);
			name = "ORS-CSC481Tests";
			productName = "ORS-CSC481Tests";
			productReference = 5B2165E821BB903400F6F4B6 /* ORS-CSC481Tests.xctest */;
			productType = "com.apple.product-type.bundle.unit-test";
		};
		5B2165F221BB903400F6F4B6 /* ORS-CSC481UITests */ = {
			isa = PBXNativeTarget;
			buildConfigurationList = 5B21660221BB903400F6F4B6 /* Build configuration list for PBXNativeTarget "ORS-CSC481UITests" */;
			buildPhases = (
				54A7B90FD5A1C4B16196A5AF /* [CP] Check Pods Manifest.lock */,
				5B2165EF21BB903400F6F4B6 /* Sources */,
				5B2165F021BB903400F6F4B6 /* Frameworks */,
				5B2165F121BB903400F6F4B6 /* Resources */,
			);
			buildRules = (
			);
			dependencies = (
				5B2165F521BB903400F6F4B6 /* PBXTargetDependency */,
			);
			name = "ORS-CSC481UITests";
			productName = "ORS-CSC481UITests";
			productReference = 5B2165F321BB903400F6F4B6 /* ORS-CSC481UITests.xctest */;
			productType = "com.apple.product-type.bundle.ui-testing";
		};
/* End PBXNativeTarget section */

/* Begin PBXProject section */
		5B2165CC21BB902F00F6F4B6 /* Project object */ = {
			isa = PBXProject;
			attributes = {
				LastSwiftUpdateCheck = 0940;
				LastUpgradeCheck = 0940;
				ORGANIZATIONNAME = "Jacob Frick";
				TargetAttributes = {
					5B2165D321BB902F00F6F4B6 = {
						CreatedOnToolsVersion = 9.4.1;
					};
					5B2165E721BB903400F6F4B6 = {
						CreatedOnToolsVersion = 9.4.1;
						TestTargetID = 5B2165D321BB902F00F6F4B6;
					};
					5B2165F221BB903400F6F4B6 = {
						CreatedOnToolsVersion = 9.4.1;
						TestTargetID = 5B2165D321BB902F00F6F4B6;
					};
				};
			};
			buildConfigurationList = 5B2165CF21BB902F00F6F4B6 /* Build configuration list for PBXProject "ORS-CSC481" */;
			compatibilityVersion = "Xcode 9.3";
			developmentRegion = en;
			hasScannedForEncodings = 0;
			knownRegions = (
				en,
				Base,
			);
			mainGroup = 5B2165CB21BB902F00F6F4B6;
			productRefGroup = 5B2165D521BB902F00F6F4B6 /* Products */;
			projectDirPath = "";
			projectRoot = "";
			targets = (
				5B2165D321BB902F00F6F4B6 /* ORS-CSC481 */,
				5B2165E721BB903400F6F4B6 /* ORS-CSC481Tests */,
				5B2165F221BB903400F6F4B6 /* ORS-CSC481UITests */,
			);
		};
/* End PBXProject section */

/* Begin PBXResourcesBuildPhase section */
		5B2165D221BB902F00F6F4B6 /* Resources */ = {
			isa = PBXResourcesBuildPhase;
			buildActionMask = 2147483647;
			files = (
				5B2165E221BB903400F6F4B6 /* LaunchScreen.storyboard in Resources */,
				5B2165DF21BB903400F6F4B6 /* Assets.xcassets in Resources */,
				5B2165DD21BB902F00F6F4B6 /* Main.storyboard in Resources */,
			);
			runOnlyForDeploymentPostprocessing = 0;
		};
		5B2165E621BB903400F6F4B6 /* Resources */ = {
			isa = PBXResourcesBuildPhase;
			buildActionMask = 2147483647;
			files = (
			);
			runOnlyForDeploymentPostprocessing = 0;
		};
		5B2165F121BB903400F6F4B6 /* Resources */ = {
			isa = PBXResourcesBuildPhase;
			buildActionMask = 2147483647;
			files = (
			);
			runOnlyForDeploymentPostprocessing = 0;
		};
/* End PBXResourcesBuildPhase section */

/* Begin PBXShellScriptBuildPhase section */
		54A7B90FD5A1C4B16196A5AF /* [CP] Check Pods Manifest.lock */ = {
			isa = PBXShellScriptBuildPhase;
			buildActionMask = 2147483647;
			files = (
			);
			inputPaths = (
				"${PODS_PODFILE_DIR_PATH}/Podfile.lock",
				"${PODS_ROOT}/Manifest.lock",
			);
			name = "[CP] Check Pods Manifest.lock";
			outputPaths = (
				"$(DERIVED_FILE_DIR)/Pods-ORS-CSC481UITests-checkManifestLockResult.txt",
			);
			runOnlyForDeploymentPostprocessing = 0;
			shellPath = /bin/sh;
			shellScript = "diff \"${PODS_PODFILE_DIR_PATH}/Podfile.lock\" \"${PODS_ROOT}/Manifest.lock\" > /dev/null\nif [ $? != 0 ] ; then\n    # print error to STDERR\n    echo \"error: The sandbox is not in sync with the Podfile.lock. Run 'pod install' or update your CocoaPods installation.\" >&2\n    exit 1\nfi\n# This output is used by Xcode 'outputs' to avoid re-running this script phase.\necho \"SUCCESS\" > \"${SCRIPT_OUTPUT_FILE_0}\"\n";
			showEnvVarsInLog = 0;
		};
		5CF954E38069067E859A2BF7 /* [CP] Embed Pods Frameworks */ = {
			isa = PBXShellScriptBuildPhase;
			buildActionMask = 2147483647;
			files = (
			);
			inputPaths = (
				"${SRCROOT}/Pods/Target Support Files/Pods-ORS-CSC481/Pods-ORS-CSC481-frameworks.sh",
				"${BUILT_PRODUCTS_DIR}/Bolts/Bolts.framework",
				"${BUILT_PRODUCTS_DIR}/IQKeyboardManagerSwift/IQKeyboardManagerSwift.framework",
				"${BUILT_PRODUCTS_DIR}/Parse/Parse.framework",
			);
			name = "[CP] Embed Pods Frameworks";
			outputPaths = (
				"${TARGET_BUILD_DIR}/${FRAMEWORKS_FOLDER_PATH}/Bolts.framework",
				"${TARGET_BUILD_DIR}/${FRAMEWORKS_FOLDER_PATH}/IQKeyboardManagerSwift.framework",
				"${TARGET_BUILD_DIR}/${FRAMEWORKS_FOLDER_PATH}/Parse.framework",
			);
			runOnlyForDeploymentPostprocessing = 0;
			shellPath = /bin/sh;
			shellScript = "\"${SRCROOT}/Pods/Target Support Files/Pods-ORS-CSC481/Pods-ORS-CSC481-frameworks.sh\"\n";
			showEnvVarsInLog = 0;
		};
		7D548B7C26A3D85504094960 /* [CP] Check Pods Manifest.lock */ = {
			isa = PBXShellScriptBuildPhase;
			buildActionMask = 2147483647;
			files = (
			);
			inputPaths = (
				"${PODS_PODFILE_DIR_PATH}/Podfile.lock",
				"${PODS_ROOT}/Manifest.lock",
			);
			name = "[CP] Check Pods Manifest.lock";
			outputPaths = (
				"$(DERIVED_FILE_DIR)/Pods-ORS-CSC481Tests-checkManifestLockResult.txt",
			);
			runOnlyForDeploymentPostprocessing = 0;
			shellPath = /bin/sh;
			shellScript = "diff \"${PODS_PODFILE_DIR_PATH}/Podfile.lock\" \"${PODS_ROOT}/Manifest.lock\" > /dev/null\nif [ $? != 0 ] ; then\n    # print error to STDERR\n    echo \"error: The sandbox is not in sync with the Podfile.lock. Run 'pod install' or update your CocoaPods installation.\" >&2\n    exit 1\nfi\n# This output is used by Xcode 'outputs' to avoid re-running this script phase.\necho \"SUCCESS\" > \"${SCRIPT_OUTPUT_FILE_0}\"\n";
			showEnvVarsInLog = 0;
		};
		BCF32D1608CE8338BB87CEC3 /* [CP] Check Pods Manifest.lock */ = {
			isa = PBXShellScriptBuildPhase;
			buildActionMask = 2147483647;
			files = (
			);
			inputPaths = (
				"${PODS_PODFILE_DIR_PATH}/Podfile.lock",
				"${PODS_ROOT}/Manifest.lock",
			);
			name = "[CP] Check Pods Manifest.lock";
			outputPaths = (
				"$(DERIVED_FILE_DIR)/Pods-ORS-CSC481-checkManifestLockResult.txt",
			);
			runOnlyForDeploymentPostprocessing = 0;
			shellPath = /bin/sh;
			shellScript = "diff \"${PODS_PODFILE_DIR_PATH}/Podfile.lock\" \"${PODS_ROOT}/Manifest.lock\" > /dev/null\nif [ $? != 0 ] ; then\n    # print error to STDERR\n    echo \"error: The sandbox is not in sync with the Podfile.lock. Run 'pod install' or update your CocoaPods installation.\" >&2\n    exit 1\nfi\n# This output is used by Xcode 'outputs' to avoid re-running this script phase.\necho \"SUCCESS\" > \"${SCRIPT_OUTPUT_FILE_0}\"\n";
			showEnvVarsInLog = 0;
		};
/* End PBXShellScriptBuildPhase section */

/* Begin PBXSourcesBuildPhase section */
		5B2165D021BB902F00F6F4B6 /* Sources */ = {
			isa = PBXSourcesBuildPhase;
			buildActionMask = 2147483647;
			files = (
				5B21660721BB935600F6F4B6 /* ParseAPIManager.swift in Sources */,
				5B2165D821BB902F00F6F4B6 /* AppDelegate.swift in Sources */,
				5B21662321BC43E500F6F4B6 /* ApplicantHubViewController.swift in Sources */,
				5B21661F21BBB9B000F6F4B6 /* User.swift in Sources */,
				5B21661721BB9FF900F6F4B6 /* LogInViewController.swift in Sources */,
				5B21661521BB9BAE00F6F4B6 /* NewApplicantSignUpViewController.swift in Sources */,
				5B21662521BC43F200F6F4B6 /* HRRepHubViewController.swift in Sources */,
				5B21660F21BB9B1B00F6F4B6 /* AppOrHRChoiceViewController.swift in Sources */,
			);
			runOnlyForDeploymentPostprocessing = 0;
		};
		5B2165E421BB903400F6F4B6 /* Sources */ = {
			isa = PBXSourcesBuildPhase;
			buildActionMask = 2147483647;
			files = (
				5B2165ED21BB903400F6F4B6 /* ORS_CSC481Tests.swift in Sources */,
			);
			runOnlyForDeploymentPostprocessing = 0;
		};
		5B2165EF21BB903400F6F4B6 /* Sources */ = {
			isa = PBXSourcesBuildPhase;
			buildActionMask = 2147483647;
			files = (
				5B2165F821BB903400F6F4B6 /* ORS_CSC481UITests.swift in Sources */,
			);
			runOnlyForDeploymentPostprocessing = 0;
		};
/* End PBXSourcesBuildPhase section */

/* Begin PBXTargetDependency section */
		5B2165EA21BB903400F6F4B6 /* PBXTargetDependency */ = {
			isa = PBXTargetDependency;
			target = 5B2165D321BB902F00F6F4B6 /* ORS-CSC481 */;
			targetProxy = 5B2165E921BB903400F6F4B6 /* PBXContainerItemProxy */;
		};
		5B2165F521BB903400F6F4B6 /* PBXTargetDependency */ = {
			isa = PBXTargetDependency;
			target = 5B2165D321BB902F00F6F4B6 /* ORS-CSC481 */;
			targetProxy = 5B2165F421BB903400F6F4B6 /* PBXContainerItemProxy */;
		};
/* End PBXTargetDependency section */

/* Begin PBXVariantGroup section */
		5B2165DB21BB902F00F6F4B6 /* Main.storyboard */ = {
			isa = PBXVariantGroup;
			children = (
				5B2165DC21BB902F00F6F4B6 /* Base */,
			);
			name = Main.storyboard;
			sourceTree = "<group>";
		};
		5B2165E021BB903400F6F4B6 /* LaunchScreen.storyboard */ = {
			isa = PBXVariantGroup;
			children = (
				5B2165E121BB903400F6F4B6 /* Base */,
			);
			name = LaunchScreen.storyboard;
			sourceTree = "<group>";
		};
/* End PBXVariantGroup section */

/* Begin XCBuildConfiguration section */
		5B2165FA21BB903400F6F4B6 /* Debug */ = {
			isa = XCBuildConfiguration;
			buildSettings = {
				ALWAYS_SEARCH_USER_PATHS = NO;
				CLANG_ANALYZER_NONNULL = YES;
				CLANG_ANALYZER_NUMBER_OBJECT_CONVERSION = YES_AGGRESSIVE;
				CLANG_CXX_LANGUAGE_STANDARD = "gnu++14";
				CLANG_CXX_LIBRARY = "libc++";
				CLANG_ENABLE_MODULES = YES;
				CLANG_ENABLE_OBJC_ARC = YES;
				CLANG_ENABLE_OBJC_WEAK = YES;
				CLANG_WARN_BLOCK_CAPTURE_AUTORELEASING = YES;
				CLANG_WARN_BOOL_CONVERSION = YES;
				CLANG_WARN_COMMA = YES;
				CLANG_WARN_CONSTANT_CONVERSION = YES;
				CLANG_WARN_DEPRECATED_OBJC_IMPLEMENTATIONS = YES;
				CLANG_WARN_DIRECT_OBJC_ISA_USAGE = YES_ERROR;
				CLANG_WARN_DOCUMENTATION_COMMENTS = YES;
				CLANG_WARN_EMPTY_BODY = YES;
				CLANG_WARN_ENUM_CONVERSION = YES;
				CLANG_WARN_INFINITE_RECURSION = YES;
				CLANG_WARN_INT_CONVERSION = YES;
				CLANG_WARN_NON_LITERAL_NULL_CONVERSION = YES;
				CLANG_WARN_OBJC_IMPLICIT_RETAIN_SELF = YES;
				CLANG_WARN_OBJC_LITERAL_CONVERSION = YES;
				CLANG_WARN_OBJC_ROOT_CLASS = YES_ERROR;
				CLANG_WARN_RANGE_LOOP_ANALYSIS = YES;
				CLANG_WARN_STRICT_PROTOTYPES = YES;
				CLANG_WARN_SUSPICIOUS_MOVE = YES;
				CLANG_WARN_UNGUARDED_AVAILABILITY = YES_AGGRESSIVE;
				CLANG_WARN_UNREACHABLE_CODE = YES;
				CLANG_WARN__DUPLICATE_METHOD_MATCH = YES;
				CODE_SIGN_IDENTITY = "iPhone Developer";
				COPY_PHASE_STRIP = NO;
				DEBUG_INFORMATION_FORMAT = dwarf;
				ENABLE_STRICT_OBJC_MSGSEND = YES;
				ENABLE_TESTABILITY = YES;
				GCC_C_LANGUAGE_STANDARD = gnu11;
				GCC_DYNAMIC_NO_PIC = NO;
				GCC_NO_COMMON_BLOCKS = YES;
				GCC_OPTIMIZATION_LEVEL = 0;
				GCC_PREPROCESSOR_DEFINITIONS = (
					"DEBUG=1",
					"$(inherited)",
				);
				GCC_WARN_64_TO_32_BIT_CONVERSION = YES;
				GCC_WARN_ABOUT_RETURN_TYPE = YES_ERROR;
				GCC_WARN_UNDECLARED_SELECTOR = YES;
				GCC_WARN_UNINITIALIZED_AUTOS = YES_AGGRESSIVE;
				GCC_WARN_UNUSED_FUNCTION = YES;
				GCC_WARN_UNUSED_VARIABLE = YES;
				IPHONEOS_DEPLOYMENT_TARGET = 11.4;
				MTL_ENABLE_DEBUG_INFO = YES;
				ONLY_ACTIVE_ARCH = YES;
				SDKROOT = iphoneos;
				SWIFT_ACTIVE_COMPILATION_CONDITIONS = DEBUG;
				SWIFT_OPTIMIZATION_LEVEL = "-Onone";
			};
			name = Debug;
		};
		5B2165FB21BB903400F6F4B6 /* Release */ = {
			isa = XCBuildConfiguration;
			buildSettings = {
				ALWAYS_SEARCH_USER_PATHS = NO;
				CLANG_ANALYZER_NONNULL = YES;
				CLANG_ANALYZER_NUMBER_OBJECT_CONVERSION = YES_AGGRESSIVE;
				CLANG_CXX_LANGUAGE_STANDARD = "gnu++14";
				CLANG_CXX_LIBRARY = "libc++";
				CLANG_ENABLE_MODULES = YES;
				CLANG_ENABLE_OBJC_ARC = YES;
				CLANG_ENABLE_OBJC_WEAK = YES;
				CLANG_WARN_BLOCK_CAPTURE_AUTORELEASING = YES;
				CLANG_WARN_BOOL_CONVERSION = YES;
				CLANG_WARN_COMMA = YES;
				CLANG_WARN_CONSTANT_CONVERSION = YES;
				CLANG_WARN_DEPRECATED_OBJC_IMPLEMENTATIONS = YES;
				CLANG_WARN_DIRECT_OBJC_ISA_USAGE = YES_ERROR;
				CLANG_WARN_DOCUMENTATION_COMMENTS = YES;
				CLANG_WARN_EMPTY_BODY = YES;
				CLANG_WARN_ENUM_CONVERSION = YES;
				CLANG_WARN_INFINITE_RECURSION = YES;
				CLANG_WARN_INT_CONVERSION = YES;
				CLANG_WARN_NON_LITERAL_NULL_CONVERSION = YES;
				CLANG_WARN_OBJC_IMPLICIT_RETAIN_SELF = YES;
				CLANG_WARN_OBJC_LITERAL_CONVERSION = YES;
				CLANG_WARN_OBJC_ROOT_CLASS = YES_ERROR;
				CLANG_WARN_RANGE_LOOP_ANALYSIS = YES;
				CLANG_WARN_STRICT_PROTOTYPES = YES;
				CLANG_WARN_SUSPICIOUS_MOVE = YES;
				CLANG_WARN_UNGUARDED_AVAILABILITY = YES_AGGRESSIVE;
				CLANG_WARN_UNREACHABLE_CODE = YES;
				CLANG_WARN__DUPLICATE_METHOD_MATCH = YES;
				CODE_SIGN_IDENTITY = "iPhone Developer";
				COPY_PHASE_STRIP = NO;
				DEBUG_INFORMATION_FORMAT = "dwarf-with-dsym";
				ENABLE_NS_ASSERTIONS = NO;
				ENABLE_STRICT_OBJC_MSGSEND = YES;
				GCC_C_LANGUAGE_STANDARD = gnu11;
				GCC_NO_COMMON_BLOCKS = YES;
				GCC_WARN_64_TO_32_BIT_CONVERSION = YES;
				GCC_WARN_ABOUT_RETURN_TYPE = YES_ERROR;
				GCC_WARN_UNDECLARED_SELECTOR = YES;
				GCC_WARN_UNINITIALIZED_AUTOS = YES_AGGRESSIVE;
				GCC_WARN_UNUSED_FUNCTION = YES;
				GCC_WARN_UNUSED_VARIABLE = YES;
				IPHONEOS_DEPLOYMENT_TARGET = 11.4;
				MTL_ENABLE_DEBUG_INFO = NO;
				SDKROOT = iphoneos;
				SWIFT_COMPILATION_MODE = wholemodule;
				SWIFT_OPTIMIZATION_LEVEL = "-O";
				VALIDATE_PRODUCT = YES;
			};
			name = Release;
		};
		5B2165FD21BB903400F6F4B6 /* Debug */ = {
			isa = XCBuildConfiguration;
			baseConfigurationReference = EB3B5D672D2E648979744000 /* Pods-ORS-CSC481.debug.xcconfig */;
			buildSettings = {
				ASSETCATALOG_COMPILER_APPICON_NAME = AppIcon;
				CODE_SIGN_STYLE = Automatic;
				DEVELOPMENT_TEAM = F474DK74SA;
				INFOPLIST_FILE = "ORS-CSC481/Info.plist";
				LD_RUNPATH_SEARCH_PATHS = (
					"$(inherited)",
					"@executable_path/Frameworks",
				);
				PRODUCT_BUNDLE_IDENTIFIER = "CodePath.ORS-CSC481";
				PRODUCT_NAME = "$(TARGET_NAME)";
				SWIFT_VERSION = 4.0;
				TARGETED_DEVICE_FAMILY = "1,2";
			};
			name = Debug;
		};
		5B2165FE21BB903400F6F4B6 /* Release */ = {
			isa = XCBuildConfiguration;
			baseConfigurationReference = 8B99C736012CCD5713DB205D /* Pods-ORS-CSC481.release.xcconfig */;
			buildSettings = {
				ASSETCATALOG_COMPILER_APPICON_NAME = AppIcon;
				CODE_SIGN_STYLE = Automatic;
				DEVELOPMENT_TEAM = F474DK74SA;
				INFOPLIST_FILE = "ORS-CSC481/Info.plist";
				LD_RUNPATH_SEARCH_PATHS = (
					"$(inherited)",
					"@executable_path/Frameworks",
				);
				PRODUCT_BUNDLE_IDENTIFIER = "CodePath.ORS-CSC481";
				PRODUCT_NAME = "$(TARGET_NAME)";
				SWIFT_VERSION = 4.0;
				TARGETED_DEVICE_FAMILY = "1,2";
			};
			name = Release;
		};
		5B21660021BB903400F6F4B6 /* Debug */ = {
			isa = XCBuildConfiguration;
			baseConfigurationReference = 49389E259C7851F51BE06B76 /* Pods-ORS-CSC481Tests.debug.xcconfig */;
			buildSettings = {
				ALWAYS_EMBED_SWIFT_STANDARD_LIBRARIES = YES;
				BUNDLE_LOADER = "$(TEST_HOST)";
				CODE_SIGN_STYLE = Automatic;
				DEVELOPMENT_TEAM = F474DK74SA;
				INFOPLIST_FILE = "ORS-CSC481Tests/Info.plist";
				LD_RUNPATH_SEARCH_PATHS = (
					"$(inherited)",
					"@executable_path/Frameworks",
					"@loader_path/Frameworks",
				);
				PRODUCT_BUNDLE_IDENTIFIER = "CodePath.ORS-CSC481Tests";
				PRODUCT_NAME = "$(TARGET_NAME)";
				SWIFT_VERSION = 4.0;
				TARGETED_DEVICE_FAMILY = "1,2";
				TEST_HOST = "$(BUILT_PRODUCTS_DIR)/ORS-CSC481.app/ORS-CSC481";
			};
			name = Debug;
		};
		5B21660121BB903400F6F4B6 /* Release */ = {
			isa = XCBuildConfiguration;
			baseConfigurationReference = 318E2CC5E1D0453ACC34E85A /* Pods-ORS-CSC481Tests.release.xcconfig */;
			buildSettings = {
				ALWAYS_EMBED_SWIFT_STANDARD_LIBRARIES = YES;
				BUNDLE_LOADER = "$(TEST_HOST)";
				CODE_SIGN_STYLE = Automatic;
				DEVELOPMENT_TEAM = F474DK74SA;
				INFOPLIST_FILE = "ORS-CSC481Tests/Info.plist";
				LD_RUNPATH_SEARCH_PATHS = (
					"$(inherited)",
					"@executable_path/Frameworks",
					"@loader_path/Frameworks",
				);
				PRODUCT_BUNDLE_IDENTIFIER = "CodePath.ORS-CSC481Tests";
				PRODUCT_NAME = "$(TARGET_NAME)";
				SWIFT_VERSION = 4.0;
				TARGETED_DEVICE_FAMILY = "1,2";
				TEST_HOST = "$(BUILT_PRODUCTS_DIR)/ORS-CSC481.app/ORS-CSC481";
			};
			name = Release;
		};
		5B21660321BB903400F6F4B6 /* Debug */ = {
			isa = XCBuildConfiguration;
			baseConfigurationReference = 1C541E085496DEE33E89F0F1 /* Pods-ORS-CSC481UITests.debug.xcconfig */;
			buildSettings = {
				ALWAYS_EMBED_SWIFT_STANDARD_LIBRARIES = YES;
				CODE_SIGN_STYLE = Automatic;
				DEVELOPMENT_TEAM = F474DK74SA;
				INFOPLIST_FILE = "ORS-CSC481UITests/Info.plist";
				LD_RUNPATH_SEARCH_PATHS = (
					"$(inherited)",
					"@executable_path/Frameworks",
					"@loader_path/Frameworks",
				);
				PRODUCT_BUNDLE_IDENTIFIER = "CodePath.ORS-CSC481UITests";
				PRODUCT_NAME = "$(TARGET_NAME)";
				SWIFT_VERSION = 4.0;
				TARGETED_DEVICE_FAMILY = "1,2";
				TEST_TARGET_NAME = "ORS-CSC481";
			};
			name = Debug;
		};
		5B21660421BB903400F6F4B6 /* Release */ = {
			isa = XCBuildConfiguration;
			baseConfigurationReference = 10F408C5FA156EAAED9E597A /* Pods-ORS-CSC481UITests.release.xcconfig */;
			buildSettings = {
				ALWAYS_EMBED_SWIFT_STANDARD_LIBRARIES = YES;
				CODE_SIGN_STYLE = Automatic;
				DEVELOPMENT_TEAM = F474DK74SA;
				INFOPLIST_FILE = "ORS-CSC481UITests/Info.plist";
				LD_RUNPATH_SEARCH_PATHS = (
					"$(inherited)",
					"@executable_path/Frameworks",
					"@loader_path/Frameworks",
				);
				PRODUCT_BUNDLE_IDENTIFIER = "CodePath.ORS-CSC481UITests";
				PRODUCT_NAME = "$(TARGET_NAME)";
				SWIFT_VERSION = 4.0;
				TARGETED_DEVICE_FAMILY = "1,2";
				TEST_TARGET_NAME = "ORS-CSC481";
			};
			name = Release;
		};
/* End XCBuildConfiguration section */

/* Begin XCConfigurationList section */
		5B2165CF21BB902F00F6F4B6 /* Build configuration list for PBXProject "ORS-CSC481" */ = {
			isa = XCConfigurationList;
			buildConfigurations = (
				5B2165FA21BB903400F6F4B6 /* Debug */,
				5B2165FB21BB903400F6F4B6 /* Release */,
			);
			defaultConfigurationIsVisible = 0;
			defaultConfigurationName = Release;
		};
		5B2165FC21BB903400F6F4B6 /* Build configuration list for PBXNativeTarget "ORS-CSC481" */ = {
			isa = XCConfigurationList;
			buildConfigurations = (
				5B2165FD21BB903400F6F4B6 /* Debug */,
				5B2165FE21BB903400F6F4B6 /* Release */,
			);
			defaultConfigurationIsVisible = 0;
			defaultConfigurationName = Release;
		};
		5B2165FF21BB903400F6F4B6 /* Build configuration list for PBXNativeTarget "ORS-CSC481Tests" */ = {
			isa = XCConfigurationList;
			buildConfigurations = (
				5B21660021BB903400F6F4B6 /* Debug */,
				5B21660121BB903400F6F4B6 /* Release */,
			);
			defaultConfigurationIsVisible = 0;
			defaultConfigurationName = Release;
		};
		5B21660221BB903400F6F4B6 /* Build configuration list for PBXNativeTarget "ORS-CSC481UITests" */ = {
			isa = XCConfigurationList;
			buildConfigurations = (
				5B21660321BB903400F6F4B6 /* Debug */,
				5B21660421BB903400F6F4B6 /* Release */,
			);
			defaultConfigurationIsVisible = 0;
			defaultConfigurationName = Release;
		};
/* End XCConfigurationList section */
	};
	rootObject = 5B2165CC21BB902F00F6F4B6 /* Project object */;
}
